{
  "name": "sether-pritset-example",
  "version": "0.1.0",
  "lockfileVersion": 3,
  "requires": true,
  "packages": {
    "": {
      "name": "sether-pritset-example",
      "version": "0.1.0",
      "dependencies": {
        "@raeven-co/sether": "^0.6.0"
      },
      "engines": {
        "node": ">=18"
      }
    },
    "node_modules/@raeven-co/sether": {
      "version": "0.6.0",
      "resolved": "https://registry.npmjs.org/@raeven-co/sether/-/sether-0.6.0.tgz",
      "integrity": "sha512-NfXLe+PI3o1ihwZB9yuxo+inSsWvx5H7aFSgB0RtcAc+ZwnKqEqqSaKkkg6FxeKQ/WhELCVc9x4x3qR2wCLirQ==",
      "license": "MIT",
      "dependencies": {
        "libphonenumber-js": "^1.11.20"
      },
      "engines": {
        "node": ">=18"
      },
      "funding": {
        "type": "github",
        "url": "https://github.com/sponsors/emorilebo"
      }
    },
    "node_modules/libphonenumber-js": {
      "version": "1.13.9",
      "resolved": "https://registry.npmjs.org/libphonenumber-js/-/libphonenumber-js-1.13.9.tgz",
      "integrity": "sha512-VNS5vWMM7r0P66BYv+TQJATxExEgLxN+34hfHDVhDkUsGAE4cRg0shCNSLTXNKm7nIUscC7AfB51TjxEeF7msQ==",
      "license": "MIT"
    }
  }
}
